
Microsoft Visual Studio Solution File, Format Version 12.00
# Visual Studio Version 16
VisualStudioVersion = 16.0.30320.27
MinimumVisualStudioVersion = 10.0.40219.1
Project("{9A19103F-16F7-4668-BE54-9A1E7A4F7556}") = "Resume2020", "Resume2020.csproj", "{D592084A-1EAA-4C1C-B514-A3813669D2B0}"
EndProject
Global
	GlobalSection(SolutionConfigurationPlatforms) = preSolution
		Debug|Any CPU = Debug|Any CPU
		Release|Any CPU = Release|Any CPU
	EndGlobalSection
	GlobalSection(ProjectConfigurationPlatforms) = postSolution
		{D592084A-1EAA-4C1C-B514-A3813669D2B0}.Debug|Any CPU.ActiveCfg = Debug|Any CPU
		{D592084A-1EAA-4C1C-B514-A3813669D2B0}.Debug|Any CPU.Build.0 = Debug|Any CPU
		{D592084A-1EAA-4C1C-B514-A3813669D2B0}.Release|Any CPU.ActiveCfg = Release|Any CPU
		{D592084A-1EAA-4C1C-B514-A3813669D2B0}.Release|Any CPU.Build.0 = Release|Any CPU
	EndGlobalSection
	GlobalSection(SolutionProperties) = preSolution
		HideSolutionNode = FALSE
	EndGlobalSection
	GlobalSection(ExtensibilityGlobals) = postSolution
		SolutionGuid = {4DF43EBB-7EB5-43B9-8BA9-6C922017DC76}
	EndGlobalSection
EndGlobal
